
Microsoft Visual Studio Solution File, Format Version 12.00
# Visual Studio Version 17
VisualStudioVersion = 17.7.33808.371
MinimumVisualStudioVersion = 10.0.40219.1
Project("{9A19103F-16F7-4668-BE54-9A1E7A4F7556}") = "BulkyWeb", "BulkyWeb\BulkyWeb.csproj", "{CD19F003-FD0E-4EF4-8B7C-AB05249DD317}"
EndProject
Project("{FAE04EC0-301F-11D3-BF4B-00C04F79EFBC}") = "Bulky.DataAccess", "Bulky.DataAccess\Bulky.DataAccess.csproj", "{8888D51E-D9D0-4B68-A921-25E52D923A76}"
EndProject
Project("{FAE04EC0-301F-11D3-BF4B-00C04F79EFBC}") = "Bulky.Models", "Bulky.Models\Bulky.Models.csproj", "{8923682A-A0E5-4061-B5D0-A6A1CBA2B421}"
EndProject
Project("{FAE04EC0-301F-11D3-BF4B-00C04F79EFBC}") = "Bulky.Utility", "Bulky.Utility\Bulky.Utility.csproj", "{5DC034BE-BDFE-4CF5-AB29-FD78045A58F9}"
EndProject
Global
	GlobalSection(SolutionConfigurationPlatforms) = preSolution
		Debug|Any CPU = Debug|Any CPU
		Release|Any CPU = Release|Any CPU
	EndGlobalSection
	GlobalSection(ProjectConfigurationPlatforms) = postSolution
		{CD19F003-FD0E-4EF4-8B7C-AB05249DD317}.Debug|Any CPU.ActiveCfg = Debug|Any CPU
		{CD19F003-FD0E-4EF4-8B7C-AB05249DD317}.Debug|Any CPU.Build.0 = Debug|Any CPU
		{CD19F003-FD0E-4EF4-8B7C-AB05249DD317}.Release|Any CPU.ActiveCfg = Release|Any CPU
		{CD19F003-FD0E-4EF4-8B7C-AB05249DD317}.Release|Any CPU.Build.0 = Release|Any CPU
		{8888D51E-D9D0-4B68-A921-25E52D923A76}.Debug|Any CPU.ActiveCfg = Debug|Any CPU
		{8888D51E-D9D0-4B68-A921-25E52D923A76}.Debug|Any CPU.Build.0 = Debug|Any CPU
		{8888D51E-D9D0-4B68-A921-25E52D923A76}.Release|Any CPU.ActiveCfg = Release|Any CPU
		{8888D51E-D9D0-4B68-A921-25E52D923A76}.Release|Any CPU.Build.0 = Release|Any CPU
		{8923682A-A0E5-4061-B5D0-A6A1CBA2B421}.Debug|Any CPU.ActiveCfg = Debug|Any CPU
		{8923682A-A0E5-4061-B5D0-A6A1CBA2B421}.Debug|Any CPU.Build.0 = Debug|Any CPU
		{8923682A-A0E5-4061-B5D0-A6A1CBA2B421}.Release|Any CPU.ActiveCfg = Release|Any CPU
		{8923682A-A0E5-4061-B5D0-A6A1CBA2B421}.Release|Any CPU.Build.0 = Release|Any CPU
		{5DC034BE-BDFE-4CF5-AB29-FD78045A58F9}.Debug|Any CPU.ActiveCfg = Debug|Any CPU
		{5DC034BE-BDFE-4CF5-AB29-FD78045A58F9}.Debug|Any CPU.Build.0 = Debug|Any CPU
		{5DC034BE-BDFE-4CF5-AB29-FD78045A58F9}.Release|Any CPU.ActiveCfg = Release|Any CPU
		{5DC034BE-BDFE-4CF5-AB29-FD78045A58F9}.Release|Any CPU.Build.0 = Release|Any CPU
	EndGlobalSection
	GlobalSection(SolutionProperties) = preSolution
		HideSolutionNode = FALSE
	EndGlobalSection
	GlobalSection(ExtensibilityGlobals) = postSolution
		SolutionGuid = {6EBADD04-8F92-435F-8B7D-356D05BF3F44}
	EndGlobalSection
EndGlobal
